
Microsoft Visual Studio Solution File, Format Version 12.00
# Visual Studio Version 17
VisualStudioVersion = 17.11.35327.3
MinimumVisualStudioVersion = 10.0.40219.1
Project("{FAE04EC0-301F-11D3-BF4B-00C04F79EFBC}") = "Zad1", "Zad1.csproj", "{E8602501-33C3-443C-A100-49E058AEEC72}"
EndProject
Global
	GlobalSection(SolutionConfigurationPlatforms) = preSolution
		Debug|Any CPU = Debug|Any CPU
		Release|Any CPU = Release|Any CPU
	EndGlobalSection
	GlobalSection(ProjectConfigurationPlatforms) = postSolution
		{E8602501-33C3-443C-A100-49E058AEEC72}.Debug|Any CPU.ActiveCfg = Debug|Any CPU
		{E8602501-33C3-443C-A100-49E058AEEC72}.Debug|Any CPU.Build.0 = Debug|Any CPU
		{E8602501-33C3-443C-A100-49E058AEEC72}.Release|Any CPU.ActiveCfg = Release|Any CPU
		{E8602501-33C3-443C-A100-49E058AEEC72}.Release|Any CPU.Build.0 = Release|Any CPU
	EndGlobalSection
	GlobalSection(SolutionProperties) = preSolution
		HideSolutionNode = FALSE
	EndGlobalSection
	GlobalSection(ExtensibilityGlobals) = postSolution
		SolutionGuid = {9CC039D8-970D-403D-AC51-3C92C8496F29}
	EndGlobalSection
EndGlobal
